
Microsoft Visual Studio Solution File, Format Version 12.00
Project("{FAE04EC0-301F-11D3-BF4B-00C04F79EFBC}") = "contr6", "contr6\contr6.csproj", "{DEB8DFBA-D06E-48B2-8552-F2A166AACEEE}"
EndProject
Global
	GlobalSection(SolutionConfigurationPlatforms) = preSolution
		Debug|Any CPU = Debug|Any CPU
		Release|Any CPU = Release|Any CPU
	EndGlobalSection
	GlobalSection(ProjectConfigurationPlatforms) = postSolution
		{DEB8DFBA-D06E-48B2-8552-F2A166AACEEE}.Debug|Any CPU.ActiveCfg = Debug|Any CPU
		{DEB8DFBA-D06E-48B2-8552-F2A166AACEEE}.Debug|Any CPU.Build.0 = Debug|Any CPU
		{DEB8DFBA-D06E-48B2-8552-F2A166AACEEE}.Release|Any CPU.ActiveCfg = Release|Any CPU
		{DEB8DFBA-D06E-48B2-8552-F2A166AACEEE}.Release|Any CPU.Build.0 = Release|Any CPU
	EndGlobalSection
EndGlobal
